<?xml version="1.0" encoding="utf-8"?>
<Project ToolsVersion="4.0" xmlns="http://schemas.microsoft.com/developer/msbuild/2003">
  <ItemGroup>
    <Filter Include="Resource Files">
      <UniqueIdentifier>{67DA6AB6-F800-4c08-8B7A-83BB121AAD01}</UniqueIdentifier>
      <Extensions>rc;ico;cur;bmp;dlg;rc2;rct;bin;rgs;gif;jpg;jpeg;jpe;resx;tiff;tif;png;wav;mfcribbon-ms</Extensions>
    </Filter>
    <Filter Include="GameLoop">
      <UniqueIdentifier>{4FC737F1-C7A5-4376-A066-2A32D752A2FF}</UniqueIdentifier>
      <Extensions>cpp;c;cc;cxx;def;odl;idl;hpj;bat;asm;asmx</Extensions>
    </Filter>
    <Filter Include="Game">
      <UniqueIdentifier>{93995380-89BD-4b04-88EB-625FBE52EBFB}</UniqueIdentifier>
      <Extensions>h;hh;hpp;hxx;hm;inl;inc;ipp;xsd</Extensions>
    </Filter>
    <Filter Include="Game\Scenes">
      <UniqueIdentifier>{950ff23b-a137-491c-bad4-9ef50f22d65a}</UniqueIdentifier>
    </Filter>
    <Filter Include="Game\Components">
      <UniqueIdentifier>{fa0f86fc-b23c-459a-8973-faaaa8f7e05c}</UniqueIdentifier>
    </Filter>
    <Filter Include="Game\Commands">
      <UniqueIdentifier>{98d7505d-8879-4be6-9afc-47dfe99e2336}</UniqueIdentifier>
    </Filter>
    <Filter Include="Game\states">
      <UniqueIdentifier>{2a790e43-f7b6-4942-8547-bddb44920131}</UniqueIdentifier>
    </Filter>
    <Filter Include="Game\states\PlayerStates">
      <UniqueIdentifier>{2d6d707b-23da-4740-80f7-e39340210523}</UniqueIdentifier>
    </Filter>
    <Filter Include="Game\states\ai">
      <UniqueIdentifier>{d3de4982-905f-453b-8a48-022583a07180}</UniqueIdentifier>
    </Filter>
    <Filter Include="Game\Level">
      <UniqueIdentifier>{b9211cab-3310-45a8-8844-e75374984944}</UniqueIdentifier>
    </Filter>
  </ItemGroup>
  <ItemGroup>
    <ClInclude Include="DigDug.h">
      <Filter>GameLoop</Filter>
    </ClInclude>
    <ClInclude Include="pch.h">
      <Filter>GameLoop</Filter>
    </ClInclude>
    <ClInclude Include="StartScreen.h">
      <Filter>Game\Scenes</Filter>
    </ClInclude>
    <ClInclude Include="MenuInputHandler.h">
      <Filter>Game\Components</Filter>
    </ClInclude>
    <ClInclude Include="DigDugLevel.h">
      <Filter>Game\Scenes</Filter>
    </ClInclude>
    <ClInclude Include="MoveLeftCommand.h">
      <Filter>Game\Commands</Filter>
    </ClInclude>
    <ClInclude Include="Animations.h">
      <Filter>Game</Filter>
    </ClInclude>
    <ClInclude Include="MoveRightCommand.h">
      <Filter>Game\Commands</Filter>
    </ClInclude>
    <ClInclude Include="MoveUpCommand.h">
      <Filter>Game\Commands</Filter>
    </ClInclude>
    <ClInclude Include="MoveDownCommand.h">
      <Filter>Game\Commands</Filter>
    </ClInclude>
    <ClInclude Include="HorizontalMoveState.h">
      <Filter>Game\states\PlayerStates</Filter>
    </ClInclude>
    <ClInclude Include="IdleState.h">
      <Filter>Game\states\PlayerStates</Filter>
    </ClInclude>
    <ClInclude Include="VerticalMoveState.h">
      <Filter>Game\states\PlayerStates</Filter>
    </ClInclude>
    <ClInclude Include="TunnelUpdate.h">
      <Filter>Game\Components</Filter>
    </ClInclude>
    <ClInclude Include="RockBehaviour.h">
      <Filter>Game\Components</Filter>
    </ClInclude>
    <ClInclude Include="Prefabs.h">
      <Filter>Game</Filter>
    </ClInclude>
    <ClInclude Include="EnemyCollisionHandler.h">
      <Filter>Game\Components</Filter>
    </ClInclude>
    <ClInclude Include="WanderState.h">
      <Filter>Game\states\ai</Filter>
    </ClInclude>
    <ClInclude Include="IdleCommand.h">
      <Filter>Game\Commands</Filter>
    </ClInclude>
    <ClInclude Include="Level.h">
      <Filter>Game\Level</Filter>
    </ClInclude>
    <ClInclude Include="LevelLoader.h">
      <Filter>Game\Level</Filter>
    </ClInclude>
    <ClInclude Include="DigDugColllision.h">
      <Filter>Game\Components</Filter>
    </ClInclude>
    <ClInclude Include="Spawner.h">
      <Filter>Game\Level</Filter>
    </ClInclude>
    <ClInclude Include="DigDugDeath.h">
      <Filter>Game\states\PlayerStates</Filter>
    </ClInclude>
  </ItemGroup>
  <ItemGroup>
    <ClCompile Include="pch.cpp">
      <Filter>GameLoop</Filter>
    </ClCompile>
    <ClCompile Include="Main.cpp">
      <Filter>GameLoop</Filter>
    </ClCompile>
    <ClCompile Include="DigDug.cpp">
      <Filter>GameLoop</Filter>
    </ClCompile>
    <ClCompile Include="StartScreen.cpp">
      <Filter>Game\Scenes</Filter>
    </ClCompile>
    <ClCompile Include="MenuInputHandler.cpp">
      <Filter>Game\Components</Filter>
    </ClCompile>
    <ClCompile Include="DigDugLevel.cpp">
      <Filter>Game\Scenes</Filter>
    </ClCompile>
    <ClCompile Include="MoveLeftCommand.cpp">
      <Filter>Game\Commands</Filter>
    </ClCompile>
    <ClCompile Include="MoveRightCommand.cpp">
      <Filter>Game\Commands</Filter>
    </ClCompile>
    <ClCompile Include="MoveUpCommand.cpp">
      <Filter>Game\Commands</Filter>
    </ClCompile>
    <ClCompile Include="MoveDownCommand.cpp">
      <Filter>Game\Commands</Filter>
    </ClCompile>
    <ClCompile Include="HorizontalMoveState.cpp">
      <Filter>Game\states\PlayerStates</Filter>
    </ClCompile>
    <ClCompile Include="IdleState.cpp">
      <Filter>Game\states\PlayerStates</Filter>
    </ClCompile>
    <ClCompile Include="VerticalMoveState.cpp">
      <Filter>Game\states\PlayerStates</Filter>
    </ClCompile>
    <ClCompile Include="RockBehaviour.cpp">
      <Filter>Game\Components</Filter>
    </ClCompile>
    <ClCompile Include="TunnelUpdate.cpp">
      <Filter>Game\Components</Filter>
    </ClCompile>
    <ClCompile Include="EnemyCollisionHandler.cpp">
      <Filter>Game\Components</Filter>
    </ClCompile>
    <ClCompile Include="WanderState.cpp">
      <Filter>Game\states\ai</Filter>
    </ClCompile>
    <ClCompile Include="IdleCommand.cpp">
      <Filter>Game\Commands</Filter>
    </ClCompile>
    <ClCompile Include="Level.cpp">
      <Filter>Game\Level</Filter>
    </ClCompile>
    <ClCompile Include="LevelLoader.cpp">
      <Filter>Game\Level</Filter>
    </ClCompile>
    <ClCompile Include="DigDugColllision.cpp">
      <Filter>Game\Components</Filter>
    </ClCompile>
    <ClCompile Include="DigDugDeath.cpp">
      <Filter>Game\states\PlayerStates</Filter>
    </ClCompile>
  </ItemGroup>
</Project>