<?xml version="1.0" encoding="utf-8"?>
<Project ToolsVersion="4.0" xmlns="http://schemas.microsoft.com/developer/msbuild/2003">
  <ItemGroup>
    <Filter Include="Resource Files">
      <UniqueIdentifier>{67DA6AB6-F800-4c08-8B7A-83BB121AAD01}</UniqueIdentifier>
      <Extensions>rc;ico;cur;bmp;dlg;rc2;rct;bin;rgs;gif;jpg;jpeg;jpe;resx;tiff;tif;png;wav;mfcribbon-ms</Extensions>
    </Filter>
    <Filter Include="Framework Files">
      <UniqueIdentifier>{4FC737F1-C7A5-4376-A066-2A32D752A2FF}</UniqueIdentifier>
      <Extensions>cpp;c;cc;cxx;def;odl;idl;hpj;bat;asm;asmx</Extensions>
    </Filter>
    <Filter Include="Framework Files\Graphics">
      <UniqueIdentifier>{9706cd41-05d1-4288-97e3-53a59d45502c}</UniqueIdentifier>
    </Filter>
    <Filter Include="Framework Files\Managers">
      <UniqueIdentifier>{a829d91e-bc2f-4f26-8667-cbd2a2c2a425}</UniqueIdentifier>
    </Filter>
    <Filter Include="Framework Files\GameLoop">
      <UniqueIdentifier>{1805653e-1859-4d31-b007-0691f3d1d23e}</UniqueIdentifier>
    </Filter>
    <Filter Include="Framework Files\Log">
      <UniqueIdentifier>{39eb928e-51d0-46de-8314-316ac32e3fe3}</UniqueIdentifier>
    </Filter>
    <Filter Include="Framework Files\GameObject">
      <UniqueIdentifier>{8a3240b7-bacf-4159-afbe-b6b71b48abf1}</UniqueIdentifier>
    </Filter>
    <Filter Include="Framework Files\GameObject\Components">
      <UniqueIdentifier>{e80df482-a6a7-43f9-bf0a-bd5b44d671c8}</UniqueIdentifier>
    </Filter>
    <Filter Include="Framework Files\BaseClasses">
      <UniqueIdentifier>{79331ed7-1617-4223-b34d-1beb3467b10b}</UniqueIdentifier>
    </Filter>
    <Filter Include="Framework Files\Collision">
      <UniqueIdentifier>{c73e1529-bbbc-4e26-9d3a-c0c8d1ae04be}</UniqueIdentifier>
    </Filter>
    <Filter Include="Framework Files\Demo">
      <UniqueIdentifier>{6f1feca8-bb2b-403f-b785-8abb84792561}</UniqueIdentifier>
    </Filter>
    <Filter Include="Framework Files\Observer">
      <UniqueIdentifier>{5d463e20-48aa-4951-945c-2a34b544ab34}</UniqueIdentifier>
    </Filter>
  </ItemGroup>
  <ItemGroup>
    <ClInclude Include="Font.h">
      <Filter>Framework Files\Graphics</Filter>
    </ClInclude>
    <ClInclude Include="Texture2D.h">
      <Filter>Framework Files\Graphics</Filter>
    </ClInclude>
    <ClInclude Include="Renderer.h">
      <Filter>Framework Files\Graphics</Filter>
    </ClInclude>
    <ClInclude Include="ResourceManager.h">
      <Filter>Framework Files\Managers</Filter>
    </ClInclude>
    <ClInclude Include="SceneManager.h">
      <Filter>Framework Files\Managers</Filter>
    </ClInclude>
    <ClInclude Include="InputManager.h">
      <Filter>Framework Files\Managers</Filter>
    </ClInclude>
    <ClInclude Include="Log.h">
      <Filter>Framework Files\Log</Filter>
    </ClInclude>
    <ClInclude Include="GameObject.h">
      <Filter>Framework Files\GameObject</Filter>
    </ClInclude>
    <ClInclude Include="MiniginPCH.h">
      <Filter>Framework Files</Filter>
    </ClInclude>
    <ClInclude Include="targetver.h">
      <Filter>Framework Files</Filter>
    </ClInclude>
    <ClInclude Include="TransformComponent.h">
      <Filter>Framework Files\GameObject\Components</Filter>
    </ClInclude>
    <ClInclude Include="RenderComponent.h">
      <Filter>Framework Files\GameObject\Components</Filter>
    </ClInclude>
    <ClInclude Include="Time.h">
      <Filter>Framework Files\Managers</Filter>
    </ClInclude>
    <ClInclude Include="FPSComponent.h">
      <Filter>Framework Files\GameObject\Components</Filter>
    </ClInclude>
    <ClInclude Include="TextRenderComponent.h">
      <Filter>Framework Files\GameObject\Components</Filter>
    </ClInclude>
    <ClInclude Include="Singleton.h">
      <Filter>Framework Files\BaseClasses</Filter>
    </ClInclude>
    <ClInclude Include="BaseRenderComponent.h">
      <Filter>Framework Files\BaseClasses</Filter>
    </ClInclude>
    <ClInclude Include="BaseComponent.h">
      <Filter>Framework Files\BaseClasses</Filter>
    </ClInclude>
    <ClInclude Include="CollisionComponent.h">
      <Filter>Framework Files\GameObject\Components</Filter>
    </ClInclude>
    <ClInclude Include="CollisionHandler.h">
      <Filter>Framework Files\Collision</Filter>
    </ClInclude>
    <ClInclude Include="SpriteRenderer.h">
      <Filter>Framework Files\GameObject\Components</Filter>
    </ClInclude>
    <ClInclude Include="BoundingBox.h">
      <Filter>Framework Files\Collision</Filter>
    </ClInclude>
    <ClInclude Include="CharacterControllerComponent.h">
      <Filter>Framework Files\GameObject\Components</Filter>
    </ClInclude>
    <ClInclude Include="Minigin.h">
      <Filter>Framework Files\GameLoop</Filter>
    </ClInclude>
    <ClInclude Include="Scene.h">
      <Filter>Framework Files\GameLoop</Filter>
    </ClInclude>
    <ClInclude Include="SceneObject.h">
      <Filter>Framework Files\GameLoop</Filter>
    </ClInclude>
    <ClInclude Include="DemoScene.h">
      <Filter>Framework Files\Demo</Filter>
    </ClInclude>
    <ClInclude Include="MiniginContactListener.h">
      <Filter>Framework Files\Collision</Filter>
    </ClInclude>
    <ClInclude Include="Observer.h">
      <Filter>Framework Files\Observer</Filter>
    </ClInclude>
    <ClInclude Include="Subject.h">
      <Filter>Framework Files\Observer</Filter>
    </ClInclude>
    <ClInclude Include="BaseState.h">
      <Filter>Framework Files\BaseClasses</Filter>
    </ClInclude>
    <ClInclude Include="Command.h" />
  </ItemGroup>
  <ItemGroup>
    <ClCompile Include="MiniginPCH.cpp">
      <Filter>Framework Files</Filter>
    </ClCompile>
    <ClCompile Include="Font.cpp">
      <Filter>Framework Files\Graphics</Filter>
    </ClCompile>
    <ClCompile Include="Texture2D.cpp">
      <Filter>Framework Files\Graphics</Filter>
    </ClCompile>
    <ClCompile Include="Renderer.cpp">
      <Filter>Framework Files\Graphics</Filter>
    </ClCompile>
    <ClCompile Include="ResourceManager.cpp">
      <Filter>Framework Files\Managers</Filter>
    </ClCompile>
    <ClCompile Include="SceneManager.cpp">
      <Filter>Framework Files\Managers</Filter>
    </ClCompile>
    <ClCompile Include="InputManager.cpp">
      <Filter>Framework Files\Managers</Filter>
    </ClCompile>
    <ClCompile Include="Log.cpp">
      <Filter>Framework Files\Log</Filter>
    </ClCompile>
    <ClCompile Include="GameObject.cpp">
      <Filter>Framework Files\GameObject</Filter>
    </ClCompile>
    <ClCompile Include="TransformComponent.cpp">
      <Filter>Framework Files\GameObject\Components</Filter>
    </ClCompile>
    <ClCompile Include="RenderComponent.cpp">
      <Filter>Framework Files\GameObject\Components</Filter>
    </ClCompile>
    <ClCompile Include="FPSComponent.cpp">
      <Filter>Framework Files\GameObject\Components</Filter>
    </ClCompile>
    <ClCompile Include="TextRenderComponent.cpp">
      <Filter>Framework Files\GameObject\Components</Filter>
    </ClCompile>
    <ClCompile Include="BaseComponent.cpp">
      <Filter>Framework Files\BaseClasses</Filter>
    </ClCompile>
    <ClCompile Include="BaseRenderComponent.cpp">
      <Filter>Framework Files\BaseClasses</Filter>
    </ClCompile>
    <ClCompile Include="CollisionComponent.cpp">
      <Filter>Framework Files\GameObject\Components</Filter>
    </ClCompile>
    <ClCompile Include="CollisionHandler.cpp">
      <Filter>Framework Files\Collision</Filter>
    </ClCompile>
    <ClCompile Include="SpriteRenderer.cpp">
      <Filter>Framework Files\GameObject\Components</Filter>
    </ClCompile>
    <ClCompile Include="BoundingBox.cpp">
      <Filter>Framework Files\Collision</Filter>
    </ClCompile>
    <ClCompile Include="CharacterControllerComponent.cpp">
      <Filter>Framework Files\GameObject\Components</Filter>
    </ClCompile>
    <ClCompile Include="Scene.cpp">
      <Filter>Framework Files\GameLoop</Filter>
    </ClCompile>
    <ClCompile Include="DemoScene.cpp">
      <Filter>Framework Files\Demo</Filter>
    </ClCompile>
    <ClCompile Include="Minigin.cpp">
      <Filter>Framework Files\GameLoop</Filter>
    </ClCompile>
    <ClCompile Include="MiniginContactListener.cpp">
      <Filter>Framework Files\Collision</Filter>
    </ClCompile>
    <ClCompile Include="Observer.cpp">
      <Filter>Framework Files\Observer</Filter>
    </ClCompile>
    <ClCompile Include="Subject.cpp">
      <Filter>Framework Files\Observer</Filter>
    </ClCompile>
    <ClCompile Include="Command.cpp">
      <Filter>Framework Files</Filter>
    </ClCompile>
  </ItemGroup>
</Project>